
Microsoft Visual Studio Solution File, Format Version 12.00
# Visual Studio Version 16
VisualStudioVersion = 16.0.30011.22
MinimumVisualStudioVersion = 10.0.40219.1
Project("{FAE04EC0-301F-11D3-BF4B-00C04F79EFBC}") = "KoenigreichverwaltungWPF", "KoenigreicherwaltungWPF\KoenigreichverwaltungWPF.csproj", "{B6F580CF-6925-453F-AFFA-7EB3150F76DA}"
EndProject
Global
	GlobalSection(SolutionConfigurationPlatforms) = preSolution
		Debug|Any CPU = Debug|Any CPU
		Release|Any CPU = Release|Any CPU
	EndGlobalSection
	GlobalSection(ProjectConfigurationPlatforms) = postSolution
		{B6F580CF-6925-453F-AFFA-7EB3150F76DA}.Debug|Any CPU.ActiveCfg = Debug|Any CPU
		{B6F580CF-6925-453F-AFFA-7EB3150F76DA}.Debug|Any CPU.Build.0 = Debug|Any CPU
		{B6F580CF-6925-453F-AFFA-7EB3150F76DA}.Release|Any CPU.ActiveCfg = Release|Any CPU
		{B6F580CF-6925-453F-AFFA-7EB3150F76DA}.Release|Any CPU.Build.0 = Release|Any CPU
	EndGlobalSection
	GlobalSection(SolutionProperties) = preSolution
		HideSolutionNode = FALSE
	EndGlobalSection
	GlobalSection(ExtensibilityGlobals) = postSolution
		SolutionGuid = {2DE046E1-70FA-4473-A46B-F4F70F4FF5FA}
	EndGlobalSection
EndGlobal
